{
    "_readme": [
        "This file locks the dependencies of your project to a known state",
        "Read more about it at https://getcomposer.org/doc/01-basic-usage.md#installing-dependencies",
        "This file is @generated automatically"
    ],
    "content-hash": "7b68a8e8ae5fbe028171e908a5114338",
    "packages": [
        {
            "name": "ensepar/html2pdf",
            "version": "1.0.1",
            "source": {
                "type": "git",
                "url": "https://github.com/OwlyCode/html2pdf.git",
                "reference": "b53a27430cc35b29bbe2faaa55ed4a7d5c156cd3"
            },
            "dist": {
                "type": "zip",
                "url": "https://api.github.com/repos/OwlyCode/html2pdf/zipball/b53a27430cc35b29bbe2faaa55ed4a7d5c156cd3",
                "reference": "b53a27430cc35b29bbe2faaa55ed4a7d5c156cd3",
                "shasum": ""
            },
            "require": {
                "ensepar/tcpdf": "5.0.003",
                "php": ">=5.2"
            },
            "type": "library",
            "autoload": {
                "psr-0": {
                    "HTML2PDF": "."
                }
            },
            "notification-url": "https://packagist.org/downloads/",
            "license": [
                "LGPL"
            ],
            "authors": [
                {
                    "name": "Spipu",
                    "homepage": "http://sourceforge.net/users/spipu",
                    "role": "Developer"
                },
                {
                    "name": "OwlyCode",
                    "homepage": "http://www.github.com/OwlyCode",
                    "role": "Developer"
                }
            ],
            "description": "Unofficial fork of 'html2pdf' with Composer support. (Fixed composer dependency problem)",
            "homepage": "https://github.com/jwronsky/html2pdf",
            "keywords": [
                "html",
                "html2pdf",
                "pdf"
            ],
            "support": {
                "source": "https://github.com/OwlyCode/html2pdf/tree/1.0.1"
            },
            "abandoned": "spipu/html2pdf",
            "time": "2013-09-13T12:23:43+00:00"
        },
        {
            "name": "ensepar/tcpdf",
            "version": "5.0.003",
            "source": {
                "type": "git",
                "url": "https://github.com/OwlyCode/tcpdf.git",
                "reference": "ae578409e9454fdf6c794cce6f063b0c95bfa518"
            },
            "dist": {
                "type": "zip",
                "url": "https://api.github.com/repos/OwlyCode/tcpdf/zipball/ae578409e9454fdf6c794cce6f063b0c95bfa518",
                "reference": "ae578409e9454fdf6c794cce6f063b0c95bfa518",
                "shasum": ""
            },
            "require": {
                "php": ">=5.3.0"
            },
            "type": "library",
            "autoload": {
                "classmap": [
                    "fonts",
                    "config/lang",
                    "config",
                    "2dbarcodes.php",
                    "barcodes.php",
                    "htmlcolors.php",
                    "qrcode.php",
                    "tcpdf.php",
                    "unicode_data.php"
                ]
            },
            "notification-url": "https://packagist.org/downloads/",
            "license": [
                "LGPLv3"
            ],
            "authors": [
                {
                    "name": "Nicola Asuni",
                    "email": "info@tecnick.com",
                    "homepage": "http://nicolaasuni.tecnick.com"
                },
                {
                    "name": "Tristan Maindron",
                    "email": "tmaindron@gmail.com",
                    "homepage": "http://www.github.com/OwlyCode"
                }
            ],
            "description": "TCPDF is a PHP class for generating PDF documents.",
            "homepage": "http://www.tcpdf.org/",
            "keywords": [
                "TCPDF",
                "pdf"
            ],
            "support": {
                "issues": "https://github.com/OwlyCode/tcpdf/issues",
                "source": "https://github.com/OwlyCode/tcpdf/tree/5.0.003"
            },
            "abandoned": "tecnickcom/tcpdf",
            "time": "2013-09-12T17:00:40+00:00"
        },
        {
            "name": "phpmailer/phpmailer",
            "version": "dev-master",
            "source": {
                "type": "git",
                "url": "https://github.com/PHPMailer/PHPMailer.git",
                "reference": "022382c9bf970409dae5c3e7d248b38e2e2f9b74"
            },
            "dist": {
                "type": "zip",
                "url": "https://api.github.com/repos/PHPMailer/PHPMailer/zipball/022382c9bf970409dae5c3e7d248b38e2e2f9b74",
                "reference": "022382c9bf970409dae5c3e7d248b38e2e2f9b74",
                "shasum": ""
            },
            "require": {
                "php": ">=5.0.0"
            },
            "require-dev": {
                "phpdocumentor/phpdocumentor": "*",
                "phpunit/phpunit": "4.1.*"
            },
            "type": "library",
            "autoload": {
                "classmap": [
                    "class.phpmailer.php",
                    "class.pop3.php",
                    "class.smtp.php"
                ]
            },
            "notification-url": "https://packagist.org/downloads/",
            "license": [
                "LGPL-2.1"
            ],
            "authors": [
                {
                    "name": "Jim Jagielski",
                    "email": "jimjag@gmail.com"
                },
                {
                    "name": "Marcus Bointon",
                    "email": "phpmailer@synchromedia.co.uk"
                },
                {
                    "name": "Andy Prevost",
                    "email": "codeworxtech@users.sourceforge.net"
                },
                {
                    "name": "Brent R. Matzelle"
                }
            ],
            "description": "PHPMailer is a full-featured email creation and transfer class for PHP",
            "time": "2014-06-13T09:18:30+00:00"
        },
        {
            "name": "symfony/polyfill-ctype",
            "version": "v1.25.0",
            "source": {
                "type": "git",
                "url": "https://github.com/symfony/polyfill-ctype.git",
                "reference": "30885182c981ab175d4d034db0f6f469898070ab"
            },
            "dist": {
                "type": "zip",
                "url": "https://api.github.com/repos/symfony/polyfill-ctype/zipball/30885182c981ab175d4d034db0f6f469898070ab",
                "reference": "30885182c981ab175d4d034db0f6f469898070ab",
                "shasum": ""
            },
            "require": {
                "php": ">=7.1"
            },
            "provide": {
                "ext-ctype": "*"
            },
            "suggest": {
                "ext-ctype": "For best performance"
            },
            "type": "library",
            "extra": {
                "branch-alias": {
                    "dev-main": "1.23-dev"
                },
                "thanks": {
                    "name": "symfony/polyfill",
                    "url": "https://github.com/symfony/polyfill"
                }
            },
            "autoload": {
                "files": [
                    "bootstrap.php"
                ],
                "psr-4": {
                    "Symfony\\Polyfill\\Ctype\\": ""
                }
            },
            "notification-url": "https://packagist.org/downloads/",
            "license": [
                "MIT"
            ],
            "authors": [
                {
                    "name": "Gert de Pagter",
                    "email": "BackEndTea@gmail.com"
                },
                {
                    "name": "Symfony Community",
                    "homepage": "https://symfony.com/contributors"
                }
            ],
            "description": "Symfony polyfill for ctype functions",
            "homepage": "https://symfony.com",
            "keywords": [
                "compatibility",
                "ctype",
                "polyfill",
                "portable"
            ],
            "support": {
                "source": "https://github.com/symfony/polyfill-ctype/tree/v1.25.0"
            },
            "funding": [
                {
                    "url": "https://symfony.com/sponsor",
                    "type": "custom"
                },
                {
                    "url": "https://github.com/fabpot",
                    "type": "github"
                },
                {
                    "url": "https://tidelift.com/funding/github/packagist/symfony/symfony",
                    "type": "tidelift"
                }
            ],
            "time": "2021-10-20T20:35:02+00:00"
        },
        {
            "name": "twig/twig",
            "version": "v1.38.0",
            "source": {
                "type": "git",
                "url": "https://github.com/twigphp/Twig.git",
                "reference": "754b8dfc0026585eb8498ec4bf5ff240b6b34db7"
            },
            "dist": {
                "type": "zip",
                "url": "https://api.github.com/repos/twigphp/Twig/zipball/754b8dfc0026585eb8498ec4bf5ff240b6b34db7",
                "reference": "754b8dfc0026585eb8498ec4bf5ff240b6b34db7",
                "shasum": ""
            },
            "require": {
                "php": ">=5.4.0",
                "symfony/polyfill-ctype": "^1.8"
            },
            "require-dev": {
                "psr/container": "^1.0",
                "symfony/debug": "^2.7",
                "symfony/phpunit-bridge": "^3.4.19|^4.1.8"
            },
            "type": "library",
            "extra": {
                "branch-alias": {
                    "dev-master": "1.38-dev"
                }
            },
            "autoload": {
                "psr-0": {
                    "Twig_": "lib/"
                },
                "psr-4": {
                    "Twig\\": "src/"
                }
            },
            "notification-url": "https://packagist.org/downloads/",
            "license": [
                "BSD-3-Clause"
            ],
            "authors": [
                {
                    "name": "Fabien Potencier",
                    "email": "fabien@symfony.com",
                    "homepage": "http://fabien.potencier.org",
                    "role": "Lead Developer"
                },
                {
                    "name": "Armin Ronacher",
                    "email": "armin.ronacher@active-4.com",
                    "role": "Project Founder"
                },
                {
                    "name": "Twig Team",
                    "homepage": "https://twig.symfony.com/contributors",
                    "role": "Contributors"
                }
            ],
            "description": "Twig, the flexible, fast, and secure template language for PHP",
            "homepage": "https://twig.symfony.com",
            "keywords": [
                "templating"
            ],
            "support": {
                "issues": "https://github.com/twigphp/Twig/issues",
                "source": "https://github.com/twigphp/Twig/tree/v1.38.0"
            },
            "time": "2019-03-12T12:42:04+00:00"
        }
    ],
    "packages-dev": [],
    "aliases": [],
    "minimum-stability": "stable",
    "stability-flags": {
        "phpmailer/phpmailer": 20
    },
    "prefer-stable": false,
    "prefer-lowest": false,
    "platform": [],
    "platform-dev": [],
    "plugin-api-version": "2.2.0"
}
